
Microsoft Visual Studio Solution File, Format Version 10.00
# Visual C++ Express 2008
Project("{8BC9CEB8-8B4A-11D0-8D11-00A0C91BC942}") = "pattern.c", "pattern.c\pattern.c.vcproj", "{849D5546-9467-444B-951D-E95401F4FFC9}"
EndProject
Global
	GlobalSection(SolutionConfigurationPlatforms) = preSolution
		Debug|Win32 = Debug|Win32
		Release|Win32 = Release|Win32
	EndGlobalSection
	GlobalSection(ProjectConfigurationPlatforms) = postSolution
		{849D5546-9467-444B-951D-E95401F4FFC9}.Debug|Win32.ActiveCfg = Debug|Win32
		{849D5546-9467-444B-951D-E95401F4FFC9}.Debug|Win32.Build.0 = Debug|Win32
		{849D5546-9467-444B-951D-E95401F4FFC9}.Release|Win32.ActiveCfg = Release|Win32
		{849D5546-9467-444B-951D-E95401F4FFC9}.Release|Win32.Build.0 = Release|Win32
	EndGlobalSection
	GlobalSection(SolutionProperties) = preSolution
		HideSolutionNode = FALSE
	EndGlobalSection
EndGlobal
